
Microsoft Visual Studio Solution File, Format Version 12.00
# Visual Studio Version 16
VisualStudioVersion = 16.0.34114.132
MinimumVisualStudioVersion = 10.0.40219.1
Project("{FAE04EC0-301F-11D3-BF4B-00C04F79EFBC}") = "StrategyPattern", "StrategyPattern\StrategyPattern.csproj", "{755D769C-0EB5-4FB5-B873-D97CCFCAF24F}"
EndProject
Global
	GlobalSection(SolutionConfigurationPlatforms) = preSolution
		Debug|Any CPU = Debug|Any CPU
		Release|Any CPU = Release|Any CPU
	EndGlobalSection
	GlobalSection(ProjectConfigurationPlatforms) = postSolution
		{755D769C-0EB5-4FB5-B873-D97CCFCAF24F}.Debug|Any CPU.ActiveCfg = Debug|Any CPU
		{755D769C-0EB5-4FB5-B873-D97CCFCAF24F}.Debug|Any CPU.Build.0 = Debug|Any CPU
		{755D769C-0EB5-4FB5-B873-D97CCFCAF24F}.Release|Any CPU.ActiveCfg = Release|Any CPU
		{755D769C-0EB5-4FB5-B873-D97CCFCAF24F}.Release|Any CPU.Build.0 = Release|Any CPU
	EndGlobalSection
	GlobalSection(SolutionProperties) = preSolution
		HideSolutionNode = FALSE
	EndGlobalSection
	GlobalSection(ExtensibilityGlobals) = postSolution
		SolutionGuid = {C803C844-86DC-49BD-9B7F-D3914FCC3DA2}
	EndGlobalSection
EndGlobal
